# @generated - this file is auto-generated by `mise lock` https://mise.jdx.dev/dev-tools/mise-lock.html

lockfile_version = 1

[[tools.air]]
version = "1.67.4"
backend = "aqua:air-verse/air"
specifiers = ["latest"]

[tools.air."platforms.linux-arm64"]
checksum = "sha256:3b138e3cc01c6f1f077f555baa1db45215c02f1aa57db8ab0b5b082a76a45743"
url = "https://github.com/air-verse/air/releases/download/v1.67.4/air_1.67.4_linux_arm64.tar.gz"
url_api = "https://api.github.com/repos/air-verse/air/releases/assets/497980607"

[tools.air."platforms.linux-x64"]
checksum = "sha256:c8cc405210e557e2681275688ce700441eac53db9fb42bb58764874ee9aa783d"
url = "https://github.com/air-verse/air/releases/download/v1.67.4/air_1.67.4_linux_amd64.tar.gz"
url_api = "https://api.github.com/repos/air-verse/air/releases/assets/497980662"

[tools.air."platforms.macos-arm64"]
checksum = "sha256:377e3f6ad87dc27a1fe665a78229c619188cf70d05ddc24d62ba065ee0824934"
url = "https://github.com/air-verse/air/releases/download/v1.67.4/air_1.67.4_darwin_arm64.tar.gz"
url_api = "https://api.github.com/repos/air-verse/air/releases/assets/497980659"

[tools.air."platforms.macos-x64"]
checksum = "sha256:a6eccc0afea79497d74edb2f0fc603fd518ac9825a83e487d9e419ee5786035c"
url = "https://github.com/air-verse/air/releases/download/v1.67.4/air_1.67.4_darwin_amd64.tar.gz"
url_api = "https://api.github.com/repos/air-verse/air/releases/assets/497980660"
