# @generated - this file is auto-generated by `mise lock` https://mise.jdx.dev/dev-tools/mise-lock.html

lockfile_version = 1

[[tools.flux2]]
version = "2.9.3"
backend = "aqua:fluxcd/flux2"
specifiers = ["2.9.3"]

[tools.flux2."platforms.linux-arm64"]
checksum = "sha256:24ec315313621bf82ea97db8a544725bc4f6de19737681f01f49c651ad3b884e"
url = "https://github.com/fluxcd/flux2/releases/download/v2.9.3/flux_2.9.3_linux_arm64.tar.gz"
url_api = "https://api.github.com/repos/fluxcd/flux2/releases/assets/487338173"

[tools.flux2."platforms.linux-arm64".provenance.slsa]
url = "https://github.com/fluxcd/flux2/releases/download/v2.9.3/provenance.intoto.jsonl"

[tools.flux2."platforms.linux-x64"]
checksum = "sha256:eae4e8608c0ade2bf4e8dec1669dbb6b0c28b5822b252d97feccfb4fb1181fd2"
url = "https://github.com/fluxcd/flux2/releases/download/v2.9.3/flux_2.9.3_linux_amd64.tar.gz"
url_api = "https://api.github.com/repos/fluxcd/flux2/releases/assets/487338171"

[tools.flux2."platforms.linux-x64".provenance.slsa]
url = "https://github.com/fluxcd/flux2/releases/download/v2.9.3/provenance.intoto.jsonl"

[tools.flux2."platforms.macos-arm64"]
checksum = "sha256:59627ac109a59b2c7e94a9ce0e290a81906d0ea435d53806699385e9d54ec10a"
url = "https://github.com/fluxcd/flux2/releases/download/v2.9.3/flux_2.9.3_darwin_arm64.tar.gz"
url_api = "https://api.github.com/repos/fluxcd/flux2/releases/assets/487338177"

[tools.flux2."platforms.macos-arm64".provenance.slsa]
url = "https://github.com/fluxcd/flux2/releases/download/v2.9.3/provenance.intoto.jsonl"

[tools.flux2."platforms.macos-x64"]
checksum = "sha256:cfe276124801f2057b7960b5ac2fe5dc019cdf245d1e791ed947b9f4e97e06c2"
url = "https://github.com/fluxcd/flux2/releases/download/v2.9.3/flux_2.9.3_darwin_amd64.tar.gz"
url_api = "https://api.github.com/repos/fluxcd/flux2/releases/assets/487338179"

[tools.flux2."platforms.macos-x64".provenance.slsa]
url = "https://github.com/fluxcd/flux2/releases/download/v2.9.3/provenance.intoto.jsonl"

[[tools.gh]]
version = "2.25.0"
backend = "aqua:cli/cli"
specifiers = ["2.25.0"]

[tools.gh."platforms.linux-arm64"]
checksum = "sha256:e4d95a7f8bc820a0b1d694cb323ee8aec7922a0d1edf191a847d86a0e3091473"
url = "https://github.com/cli/cli/releases/download/v2.25.0/gh_2.25.0_linux_arm64.tar.gz"
url_api = "https://api.github.com/repos/cli/cli/releases/assets/100209723"

[tools.gh."platforms.linux-x64"]
checksum = "sha256:be919ddfb95cf3c87e542cb048b593368e17e962bf7c4743541855cd339cd814"
url = "https://github.com/cli/cli/releases/download/v2.25.0/gh_2.25.0_linux_amd64.tar.gz"
url_api = "https://api.github.com/repos/cli/cli/releases/assets/100209721"

[tools.gh."platforms.macos-arm64"]
checksum = "sha256:a05cafc451b99e3703523d8fa6e9e80e2ce3565709ba6093864c124839152978"
url = "https://github.com/cli/cli/releases/download/v2.25.0/gh_2.25.0_macOS_arm64.tar.gz"
url_api = "https://api.github.com/repos/cli/cli/releases/assets/100209726"

[tools.gh."platforms.macos-x64"]
checksum = "sha256:789447abbb8da6ba757029daa9c6b486e1912f5b8f2b19cbbf6db5ccd76d4b45"
url = "https://github.com/cli/cli/releases/download/v2.25.0/gh_2.25.0_macOS_amd64.tar.gz"
url_api = "https://api.github.com/repos/cli/cli/releases/assets/100209724"

[[tools."github:git-town/git-town"]]
version = "22.7.1"
backend = "github:git-town/git-town"
specifiers = ["22.7.1"]

[tools."github:git-town/git-town"."platforms.linux-arm64"]
checksum = "sha256:4059dc09b0a09913402e7212c0e2b0f5427dbc7ee3186721ec28c0f3cfd18f13"
url = "https://github.com/git-town/git-town/releases/download/v22.7.1/git-town_linux_arm_64.tar.gz"
url_api = "https://api.github.com/repos/git-town/git-town/releases/assets/382552390"
provenance = "github-attestations"

[tools."github:git-town/git-town"."platforms.linux-x64"]
checksum = "sha256:6f67898dda1b892b19414ebcc39bbf13a7df96d97997e89fc108a43d7fd595aa"
url = "https://github.com/git-town/git-town/releases/download/v22.7.1/git-town_linux_intel_64.tar.gz"
url_api = "https://api.github.com/repos/git-town/git-town/releases/assets/382552395"
provenance = "github-attestations"

[tools."github:git-town/git-town"."platforms.macos-arm64"]
checksum = "sha256:14415a737f8cf2c236e1d2ef156aecc0048511e7d238739e0f29863b45db293a"
url = "https://github.com/git-town/git-town/releases/download/v22.7.1/git-town_macos_arm_64.tar.gz"
url_api = "https://api.github.com/repos/git-town/git-town/releases/assets/382552389"
provenance = "github-attestations"
provenance_verified = true

[tools."github:git-town/git-town"."platforms.macos-x64"]
checksum = "sha256:278a1caf75aafd192c35fe06181f2de1d9df11947d8ff874812d865402efa262"
url = "https://github.com/git-town/git-town/releases/download/v22.7.1/git-town_macos_intel_64.tar.gz"
url_api = "https://api.github.com/repos/git-town/git-town/releases/assets/382552391"
provenance = "github-attestations"

[[tools."github:grafana/dashboard-linter"]]
version = "0.2.0"
backend = "github:grafana/dashboard-linter"
specifiers = ["0.2.0"]

[tools."github:grafana/dashboard-linter"."platforms.linux-arm64"]
checksum = "sha256:3cc1022ceafd136e5ee6c2caa0ba6d01e3e2dea1c5eedefd012f0ae14f42defe"
url = "https://github.com/grafana/dashboard-linter/releases/download/v0.2.0/dashboard-linter_0.2.0_linux_arm64.tar.gz"
url_api = "https://api.github.com/repos/grafana/dashboard-linter/releases/assets/451371030"

[tools."github:grafana/dashboard-linter"."platforms.linux-x64"]
checksum = "sha256:6cf73633018ef705cd12eda88736b872f5858137baa9dc9df83262d721934fac"
url = "https://github.com/grafana/dashboard-linter/releases/download/v0.2.0/dashboard-linter_0.2.0_linux_amd64.tar.gz"
url_api = "https://api.github.com/repos/grafana/dashboard-linter/releases/assets/451371029"

[tools."github:grafana/dashboard-linter"."platforms.macos-arm64"]
checksum = "sha256:1e1bd59a18b02b111df6c68edc7a421cb8feb01f042b3b415fd21fc86756fa45"
url = "https://github.com/grafana/dashboard-linter/releases/download/v0.2.0/dashboard-linter_0.2.0_darwin_arm64.tar.gz"
url_api = "https://api.github.com/repos/grafana/dashboard-linter/releases/assets/451371032"

[tools."github:grafana/dashboard-linter"."platforms.macos-x64"]
checksum = "sha256:9b3d01f13f8cf353e66a4cde185ffa650b8d1191745ee0de3988855e1acdc218"
url = "https://github.com/grafana/dashboard-linter/releases/download/v0.2.0/dashboard-linter_0.2.0_darwin_amd64.tar.gz"
url_api = "https://api.github.com/repos/grafana/dashboard-linter/releases/assets/451371033"

[[tools."github:sigstore/cosign"]]
version = "3.1.2"
backend = "github:sigstore/cosign"
specifiers = ["3.1.2"]

[tools."github:sigstore/cosign"."platforms.linux-arm64"]
checksum = "sha256:90e7ae0b5dfd60f20816b52c012addf7fc055ebcc7bea4ce81c428ca8518c302"
url = "https://github.com/sigstore/cosign/releases/download/v3.1.2/cosign-linux-arm64"
url_api = "https://api.github.com/repos/sigstore/cosign/releases/assets/480496294"

[tools."github:sigstore/cosign"."platforms.linux-x64"]
checksum = "sha256:f7622ed3cf22e55e1ae6377c080979ff77a22da9981c11df222a2e444991e7cf"
url = "https://github.com/sigstore/cosign/releases/download/v3.1.2/cosign-linux-amd64"
url_api = "https://api.github.com/repos/sigstore/cosign/releases/assets/480496709"

[tools."github:sigstore/cosign"."platforms.macos-arm64"]
checksum = "sha256:dec1c3f802320b19c2fbcf2dc7bcfb3f258e1c181a046c23a1a074bdf932f10a"
url = "https://github.com/sigstore/cosign/releases/download/v3.1.2/cosign-darwin-arm64"
url_api = "https://api.github.com/repos/sigstore/cosign/releases/assets/480497116"

[tools."github:sigstore/cosign"."platforms.macos-x64"]
checksum = "sha256:acd180f8b015be25240ca33abee8a1e564eb65cdf1a3cee4725456d2dceb7da6"
url = "https://github.com/sigstore/cosign/releases/download/v3.1.2/cosign-darwin-amd64"
url_api = "https://api.github.com/repos/sigstore/cosign/releases/assets/480496599"

[[tools.go]]
version = "1.27.0"
backend = "core:go"
specifiers = ["1.27.0"]

[tools.go."platforms.linux-arm64"]
checksum = "sha256:51798d2c42d0e1c6ed7fd9f48728b4193abac9e8aad6dbac2fe96a81f5909bda"
url = "https://dl.google.com/go/go1.27.0.linux-arm64.tar.gz"

[tools.go."platforms.linux-x64"]
checksum = "sha256:675c26c449cbb18fc24b74650de1eabbae6e16f64326fd85a283fb3b58280685"
url = "https://dl.google.com/go/go1.27.0.linux-amd64.tar.gz"

[tools.go."platforms.macos-arm64"]
checksum = "sha256:90493b3bbd5e10f91d12153198bf1994fd756399b4fec93b49b0c6e2acdeeb3e"
url = "https://dl.google.com/go/go1.27.0.darwin-arm64.tar.gz"

[tools.go."platforms.macos-x64"]
checksum = "sha256:d3314e25496e4381d71a5c51d2907e7af655d199f6780b549f015bd85fef4986"
url = "https://dl.google.com/go/go1.27.0.darwin-amd64.tar.gz"

[[tools.golangci-lint]]
version = "2.13.1"
backend = "aqua:golangci/golangci-lint"
specifiers = ["2.13.1"]

[tools.golangci-lint."platforms.linux-arm64"]
checksum = "sha256:908317c23db18448f924e853b3d8a659fd919614cd438f224810a4053daa2607"
url = "https://github.com/golangci/golangci-lint/releases/download/v2.13.1/golangci-lint-2.13.1-linux-arm64.tar.gz"
url_api = "https://api.github.com/repos/golangci/golangci-lint/releases/assets/522396912"
provenance = "github-attestations"

[tools.golangci-lint."platforms.linux-x64"]
checksum = "sha256:b17bfbc9d4aaa48be7f4f1ce3240bc3d8200c870c072bacf15c26219e2cfb9cc"
url = "https://github.com/golangci/golangci-lint/releases/download/v2.13.1/golangci-lint-2.13.1-linux-amd64.tar.gz"
url_api = "https://api.github.com/repos/golangci/golangci-lint/releases/assets/522396872"
provenance = "github-attestations"

[tools.golangci-lint."platforms.macos-arm64"]
checksum = "sha256:0c9818baf6fb8ad26c6d2ef51b68d5a1e260ef07727036b1431647cc44637c7c"
url = "https://github.com/golangci/golangci-lint/releases/download/v2.13.1/golangci-lint-2.13.1-darwin-arm64.tar.gz"
url_api = "https://api.github.com/repos/golangci/golangci-lint/releases/assets/522396798"
provenance = "github-attestations"

[tools.golangci-lint."platforms.macos-x64"]
checksum = "sha256:2c373363953e4e0bee2a03b7fe864a5eb6a3822927cb077d9ca33f2ae3cb2da2"
url = "https://github.com/golangci/golangci-lint/releases/download/v2.13.1/golangci-lint-2.13.1-darwin-amd64.tar.gz"
url_api = "https://api.github.com/repos/golangci/golangci-lint/releases/assets/522396867"
provenance = "github-attestations"

[[tools.helm]]
version = "3.21.3"
backend = "aqua:helm/helm"
specifiers = ["3.21.3"]

[tools.helm."platforms.linux-arm64"]
checksum = "sha256:67f58155079ff9ffab98ba5c88daff0ed9b542f3a4732f5dd426dde7dd0f5244"
url = "https://get.helm.sh/helm-v3.21.3-linux-arm64.tar.gz"

[tools.helm."platforms.linux-x64"]
checksum = "sha256:15e041a93a590dce8100f39385cd98c84a765c9e36aeeb9e2dc6ff9e4769e2e0"
url = "https://get.helm.sh/helm-v3.21.3-linux-amd64.tar.gz"

[tools.helm."platforms.macos-arm64"]
checksum = "sha256:19879a848cad832b7a1ac24b767a481d20fb3b95ab53a220849649422ada144e"
url = "https://get.helm.sh/helm-v3.21.3-darwin-arm64.tar.gz"

[tools.helm."platforms.macos-x64"]
checksum = "sha256:76d0db4730b05d3d625eee11e80f0721b32b4d8422f4e5d093de6337bf3ac9f8"
url = "https://get.helm.sh/helm-v3.21.3-darwin-amd64.tar.gz"

[[tools.k3d]]
version = "5.9.0"
backend = "aqua:k3d-io/k3d"
specifiers = ["5.9.0"]

[tools.k3d."platforms.linux-arm64"]
checksum = "sha256:03cde5cf23e6e8e67de5a039ecf26e5b85aca82fba3e5d13dadf904cd218a250"
url = "https://github.com/k3d-io/k3d/releases/download/v5.9.0/k3d-linux-arm64"
url_api = "https://api.github.com/repos/k3d-io/k3d/releases/assets/436305757"

[tools.k3d."platforms.linux-x64"]
checksum = "sha256:06d8f25bc3a971c4eb29e0ff08429b180402db0f4dec838c9eac427e296800a0"
url = "https://github.com/k3d-io/k3d/releases/download/v5.9.0/k3d-linux-amd64"
url_api = "https://api.github.com/repos/k3d-io/k3d/releases/assets/436305793"

[tools.k3d."platforms.macos-arm64"]
checksum = "sha256:fe106541d5d0a3f18debcd4d432a16f8c0ce3e6ddc06f8fbb6f696a122313e00"
url = "https://github.com/k3d-io/k3d/releases/download/v5.9.0/k3d-darwin-arm64"
url_api = "https://api.github.com/repos/k3d-io/k3d/releases/assets/436305875"

[tools.k3d."platforms.macos-x64"]
checksum = "sha256:b4aabc37534f95b9c764e7823f2df923f50d57600837aa60a06266cce47db732"
url = "https://github.com/k3d-io/k3d/releases/download/v5.9.0/k3d-darwin-amd64"
url_api = "https://api.github.com/repos/k3d-io/k3d/releases/assets/436305915"

[[tools.kubeconform]]
version = "0.8.0"
backend = "aqua:yannh/kubeconform"
specifiers = ["0.8.0"]

[tools.kubeconform."platforms.linux-arm64"]
checksum = "sha256:1f53fc8e81258197a35e8603054162a5af1de8c5af13746c71ab680d9534ed87"
url = "https://github.com/yannh/kubeconform/releases/download/v0.8.0/kubeconform-linux-arm64.tar.gz"
url_api = "https://api.github.com/repos/yannh/kubeconform/releases/assets/438612685"

[tools.kubeconform."platforms.linux-x64"]
checksum = "sha256:9bc2bffbf71f261128533edaf912153948b7ff238f9a531ae6d34466ec287883"
url = "https://github.com/yannh/kubeconform/releases/download/v0.8.0/kubeconform-linux-amd64.tar.gz"
url_api = "https://api.github.com/repos/yannh/kubeconform/releases/assets/438612666"

[tools.kubeconform."platforms.macos-arm64"]
checksum = "sha256:f84f4dfbebf4a6b0b230385fa065a39ea35e02608c2b50d025dcf64775a69d67"
url = "https://github.com/yannh/kubeconform/releases/download/v0.8.0/kubeconform-darwin-arm64.tar.gz"
url_api = "https://api.github.com/repos/yannh/kubeconform/releases/assets/438612680"

[tools.kubeconform."platforms.macos-x64"]
checksum = "sha256:71dbc87ac9f24099a62b93570e65aa06312ba6ac8aea63b7f86e9d999edf5a92"
url = "https://github.com/yannh/kubeconform/releases/download/v0.8.0/kubeconform-darwin-amd64.tar.gz"
url_api = "https://api.github.com/repos/yannh/kubeconform/releases/assets/438612679"

[[tools.kubectl]]
version = "1.36.3"
backend = "aqua:kubernetes/kubernetes/kubectl"
specifiers = ["1.36.3"]

[tools.kubectl."platforms.linux-arm64"]
checksum = "sha256:3d86f24401c41ae5a46ac50eef8865fe891d3647d324a0836f6c63757a126e62"
url = "https://dl.k8s.io/v1.36.3/bin/linux/arm64/kubectl"

[tools.kubectl."platforms.linux-x64"]
checksum = "sha256:ebbd080e7c2e275093b55915722043257eb24004363e20acb3c4d71919f88336"
url = "https://dl.k8s.io/v1.36.3/bin/linux/amd64/kubectl"

[tools.kubectl."platforms.macos-arm64"]
checksum = "sha256:fc8582acde13869a606730a79379d6515f30c68afcced0b5ac8789d5d002b7d6"
url = "https://dl.k8s.io/v1.36.3/bin/darwin/arm64/kubectl"

[tools.kubectl."platforms.macos-x64"]
checksum = "sha256:158b3b46cf74e8b6bd9b1d7cd30f665e3efb2bc1ec3c843ec925bcfdd2930de0"
url = "https://dl.k8s.io/v1.36.3/bin/darwin/amd64/kubectl"

[[tools.kustomize]]
version = "5.8.1"
backend = "aqua:kubernetes-sigs/kustomize"
specifiers = ["5.8.1"]

[tools.kustomize."platforms.linux-arm64"]
checksum = "sha256:0953ea3e476f66d6ddfcd911d750f5167b9365aa9491b2326398e289fef2c142"
url = "https://github.com/kubernetes-sigs/kustomize/releases/download/kustomize/v5.8.1/kustomize_v5.8.1_linux_arm64.tar.gz"
url_api = "https://api.github.com/repos/kubernetes-sigs/kustomize/releases/assets/353160971"

[tools.kustomize."platforms.linux-x64"]
checksum = "sha256:029a7f0f4e1932c52a0476cf02a0fd855c0bb85694b82c338fc648dcb53a819d"
url = "https://github.com/kubernetes-sigs/kustomize/releases/download/kustomize/v5.8.1/kustomize_v5.8.1_linux_amd64.tar.gz"
url_api = "https://api.github.com/repos/kubernetes-sigs/kustomize/releases/assets/353160972"

[tools.kustomize."platforms.macos-arm64"]
checksum = "sha256:8886f8a78474e608cc81234f729fda188a9767da23e28925802f00ece2bab288"
url = "https://github.com/kubernetes-sigs/kustomize/releases/download/kustomize/v5.8.1/kustomize_v5.8.1_darwin_arm64.tar.gz"
url_api = "https://api.github.com/repos/kubernetes-sigs/kustomize/releases/assets/353160975"

[tools.kustomize."platforms.macos-x64"]
checksum = "sha256:ee7cf0c1e3592aa7bb66ba82b359933a95e7f2e0b36e5f53ed0a4535b017f2f8"
url = "https://github.com/kubernetes-sigs/kustomize/releases/download/kustomize/v5.8.1/kustomize_v5.8.1_darwin_amd64.tar.gz"
url_api = "https://api.github.com/repos/kubernetes-sigs/kustomize/releases/assets/353160974"

[[tools.node]]
version = "25.9.0"
backend = "core:node"
specifiers = ["25.9.0"]

[tools.node."platforms.linux-arm64"]
checksum = "sha256:8fb4283301b8c720fc9f18bffff0f659e72cc14d0cf207a3bb411808aaa73a57"
url = "https://nodejs.org/dist/v25.9.0/node-v25.9.0-linux-arm64.tar.gz"

[tools.node."platforms.linux-x64"]
checksum = "sha256:134e55b2408448a219760fe04dc44d6851f9de8a79549021ffd870e9082d9e7b"
url = "https://nodejs.org/dist/v25.9.0/node-v25.9.0-linux-x64.tar.gz"

[tools.node."platforms.macos-arm64"]
checksum = "sha256:e479f3c469d3d9303a44f00a8ea37a3788395d171bb8059c48a4bbbd2e371b59"
url = "https://nodejs.org/dist/v25.9.0/node-v25.9.0-darwin-arm64.tar.gz"

[tools.node."platforms.macos-x64"]
checksum = "sha256:7d737b53ce191142bfa1c17cfa5b070d96e84eebf76b8dd06d84981cbdc3f7e3"
url = "https://nodejs.org/dist/v25.9.0/node-v25.9.0-darwin-x64.tar.gz"

[[tools.opentofu]]
version = "1.11.5"
backend = "aqua:opentofu/opentofu"
specifiers = ["1.11.5"]

[tools.opentofu."platforms.linux-arm64"]
checksum = "sha256:b31a2af2a99d49da6eb429cbbb5f4e8323f9c48d1aeb8c1294e4e5bdb5012416"
url = "https://github.com/opentofu/opentofu/releases/download/v1.11.5/tofu_1.11.5_linux_arm64.tar.gz"
url_api = "https://api.github.com/repos/opentofu/opentofu/releases/assets/354856968"

[tools.opentofu."platforms.linux-x64"]
checksum = "sha256:e73868ab8abaca15d3c974dcf6a5e878860d6f2212867433aa3d8f2b43a492d9"
url = "https://github.com/opentofu/opentofu/releases/download/v1.11.5/tofu_1.11.5_linux_amd64.tar.gz"
url_api = "https://api.github.com/repos/opentofu/opentofu/releases/assets/354856986"

[tools.opentofu."platforms.macos-arm64"]
checksum = "sha256:abf2be18c49b7b8338d4addc5f64bcf68b3af03ca860b414b3705c20c4b455a6"
url = "https://github.com/opentofu/opentofu/releases/download/v1.11.5/tofu_1.11.5_darwin_arm64.tar.gz"
url_api = "https://api.github.com/repos/opentofu/opentofu/releases/assets/354856966"

[tools.opentofu."platforms.macos-x64"]
checksum = "sha256:f514761be893f49b6ca12c2df672c010fad6c88f92588dcfc95db750211c2594"
url = "https://github.com/opentofu/opentofu/releases/download/v1.11.5/tofu_1.11.5_darwin_amd64.tar.gz"
url_api = "https://api.github.com/repos/opentofu/opentofu/releases/assets/354856993"

[[tools."pipx:ansible-core"]]
version = "2.21.2"
backend = "pipx:ansible-core"
specifiers = ["2.21.2"]

[[tools.pnpm]]
version = "10.28.1"
backend = "aqua:pnpm/pnpm"
specifiers = ["10.28.1"]

[tools.pnpm."platforms.linux-arm64"]
checksum = "sha256:bbc6860d6c7eb33bcafe670874323cd6617b03e46f8b34163bb0691eac8156f3"
url = "https://github.com/pnpm/pnpm/releases/download/v10.28.1/pnpm-linux-arm64"
url_api = "https://api.github.com/repos/pnpm/pnpm/releases/assets/342724196"

[tools.pnpm."platforms.linux-x64"]
checksum = "sha256:e1a90745bbab7aad1de6886e5c6da978463fe8382953d1406e0e30661d0613a1"
url = "https://github.com/pnpm/pnpm/releases/download/v10.28.1/pnpm-linux-x64"
url_api = "https://api.github.com/repos/pnpm/pnpm/releases/assets/342724198"

[tools.pnpm."platforms.macos-arm64"]
checksum = "sha256:6c123dcd8c7eab530f51f0544e7c893a5249cabda5a9469db63262cc7a738fcb"
url = "https://github.com/pnpm/pnpm/releases/download/v10.28.1/pnpm-macos-arm64"
url_api = "https://api.github.com/repos/pnpm/pnpm/releases/assets/342724192"

[tools.pnpm."platforms.macos-x64"]
checksum = "sha256:11cc2b5c9e6f0e1d6e2bfb414e0db3d26f07378a76c2c045ec9dbecc91050bd4"
url = "https://github.com/pnpm/pnpm/releases/download/v10.28.1/pnpm-macos-x64"
url_api = "https://api.github.com/repos/pnpm/pnpm/releases/assets/342724195"

[[tools.restic]]
version = "0.19.1"
backend = "aqua:restic/restic"
specifiers = ["0.19.1"]

[tools.restic."platforms.linux-arm64"]
checksum = "sha256:a5f64aaab53d51e311fa3829124c5b703f2d14cf187d8640b6be3b2b49376465"
url = "https://github.com/restic/restic/releases/download/v0.19.1/restic_0.19.1_linux_arm64.bz2"
url_api = "https://api.github.com/repos/restic/restic/releases/assets/466999588"

[tools.restic."platforms.linux-x64"]
checksum = "sha256:f415415624dcc452f2a02b8c33641791a8c6d6d3b65bbb3543fcf9a25151585c"
url = "https://github.com/restic/restic/releases/download/v0.19.1/restic_0.19.1_linux_amd64.bz2"
url_api = "https://api.github.com/repos/restic/restic/releases/assets/466999719"

[tools.restic."platforms.macos-arm64"]
checksum = "sha256:7be0a144ccc377880f294204aa271d76e4b79554b42a751151d425ce6ebac143"
url = "https://github.com/restic/restic/releases/download/v0.19.1/restic_0.19.1_darwin_arm64.bz2"
url_api = "https://api.github.com/repos/restic/restic/releases/assets/467000314"

[tools.restic."platforms.macos-x64"]
checksum = "sha256:c38d579622cf602f665234c5a8c315030b6cf70656028fe6dc29a786b60e5f35"
url = "https://github.com/restic/restic/releases/download/v0.19.1/restic_0.19.1_darwin_amd64.bz2"
url_api = "https://api.github.com/repos/restic/restic/releases/assets/467000400"

[[tools.terragrunt]]
version = "0.99.5"
backend = "aqua:gruntwork-io/terragrunt"
specifiers = ["0.99.5"]

[tools.terragrunt."platforms.linux-arm64"]
checksum = "sha256:fed8c41b0fa8dc15ad81e941c79c5db6b5fcbd3129bd25af663308a478dfabd0"
url = "https://github.com/gruntwork-io/terragrunt/releases/download/v0.99.5/terragrunt_linux_arm64.tar.gz"
url_api = "https://api.github.com/repos/gruntwork-io/terragrunt/releases/assets/382119379"

[tools.terragrunt."platforms.linux-x64"]
checksum = "sha256:8050444125e87abe077d602a6da7db7317d3e8d40d6dc8cb738fa009a005efc4"
url = "https://github.com/gruntwork-io/terragrunt/releases/download/v0.99.5/terragrunt_linux_amd64.tar.gz"
url_api = "https://api.github.com/repos/gruntwork-io/terragrunt/releases/assets/382119266"

[tools.terragrunt."platforms.macos-arm64"]
checksum = "sha256:3f37bf521d2d3bf6f05f3c6ff09b6c12c276e84c076fe7173c0842a2101a7ecd"
url = "https://github.com/gruntwork-io/terragrunt/releases/download/v0.99.5/terragrunt_darwin_arm64.tar.gz"
url_api = "https://api.github.com/repos/gruntwork-io/terragrunt/releases/assets/382119023"

[tools.terragrunt."platforms.macos-x64"]
checksum = "sha256:058e2476c7452cf7a6f426c8e84ac25aac2d56b48cea042ec668e1f0dc6d9498"
url = "https://github.com/gruntwork-io/terragrunt/releases/download/v0.99.5/terragrunt_darwin_amd64.tar.gz"
url_api = "https://api.github.com/repos/gruntwork-io/terragrunt/releases/assets/382118909"

[[tools.tilt]]
version = "0.34.5"
backend = "aqua:tilt-dev/tilt"
specifiers = ["0.34.5"]

[tools.tilt."platforms.linux-arm64"]
checksum = "sha256:69646e9336e1c79b4e5c69e56194eeb60ce5cc376b184a3304f46118581b8f0a"
url = "https://github.com/tilt-dev/tilt/releases/download/v0.34.5/tilt.0.34.5.linux.arm64.tar.gz"
url_api = "https://api.github.com/repos/tilt-dev/tilt/releases/assets/259182442"

[tools.tilt."platforms.linux-x64"]
checksum = "sha256:8991f01b8247682dacdc1fc580fa96ec004f28bfc7ca18a01931b5b47ea246ff"
url = "https://github.com/tilt-dev/tilt/releases/download/v0.34.5/tilt.0.34.5.linux.x86_64.tar.gz"
url_api = "https://api.github.com/repos/tilt-dev/tilt/releases/assets/259182450"

[tools.tilt."platforms.macos-arm64"]
checksum = "sha256:779414dbb00efcb67e864c76da7226d6c51839902cfba3579737422497dd680e"
url = "https://github.com/tilt-dev/tilt/releases/download/v0.34.5/tilt.0.34.5.mac.arm64.tar.gz"
url_api = "https://api.github.com/repos/tilt-dev/tilt/releases/assets/259182440"

[tools.tilt."platforms.macos-x64"]
checksum = "sha256:e8bad9d3abf607453fb75bed4ed495f6629192290063660f606d0976f2a37331"
url = "https://github.com/tilt-dev/tilt/releases/download/v0.34.5/tilt.0.34.5.mac.x86_64.tar.gz"
url_api = "https://api.github.com/repos/tilt-dev/tilt/releases/assets/259182439"

[[tools.uv]]
version = "0.12.8"
backend = "aqua:astral-sh/uv"
specifiers = ["0.12.8"]

[tools.uv."platforms.linux-arm64"]
checksum = "sha256:ba8661f4fd207c8e94814191598e619b355ac10d5014e851e21eb800f9ef2b00"
url = "https://github.com/astral-sh/uv/releases/download/0.12.8/uv-aarch64-unknown-linux-gnu.tar.gz"
url_api = "https://api.github.com/repos/astral-sh/uv/releases/assets/538591961"
provenance = "github-attestations"

[tools.uv."platforms.linux-x64"]
checksum = "sha256:2e2b37e9811e17675a9e70bed5e1a58fc8c0388be63d751d72cc735188c149ff"
url = "https://github.com/astral-sh/uv/releases/download/0.12.8/uv-x86_64-unknown-linux-gnu.tar.gz"
url_api = "https://api.github.com/repos/astral-sh/uv/releases/assets/538592029"
provenance = "github-attestations"

[tools.uv."platforms.macos-arm64"]
checksum = "sha256:8ce083658dbff20143607ca7af8e0c1d64b6fd7bf03a5cdcb62bf3d47d991b5f"
url = "https://github.com/astral-sh/uv/releases/download/0.12.8/uv-aarch64-apple-darwin.tar.gz"
url_api = "https://api.github.com/repos/astral-sh/uv/releases/assets/538591946"
provenance = "github-attestations"

[tools.uv."platforms.macos-x64"]
checksum = "sha256:bfcd4407de99e0a2c1904df0902fa1795653d4edd145358e6561527e746a4f16"
url = "https://github.com/astral-sh/uv/releases/download/0.12.8/uv-x86_64-apple-darwin.tar.gz"
url_api = "https://api.github.com/repos/astral-sh/uv/releases/assets/538592016"
provenance = "github-attestations"
