# @generated - this file is auto-generated by `mise lock` https://mise.jdx.dev/dev-tools/mise-lock.html

lockfile_version = 1

[[tools.flux2]]
version = "2.9.5"
backend = "aqua:fluxcd/flux2"
specifiers = ["2.9.5"]

[tools.flux2."platforms.linux-arm64"]
checksum = "sha256:f3e159af616ec0b9bd0a405c2185cf09d06b74652c1de3c7f377e8166826651a"
url = "https://github.com/fluxcd/flux2/releases/download/v2.9.5/flux_2.9.5_linux_arm64.tar.gz"
url_api = "https://api.github.com/repos/fluxcd/flux2/releases/assets/538282890"

[tools.flux2."platforms.linux-arm64".provenance.slsa]
url = "https://github.com/fluxcd/flux2/releases/download/v2.9.5/provenance.intoto.jsonl"

[tools.flux2."platforms.linux-x64"]
checksum = "sha256:b853df82adfd7736f580692f9f734473d571606307139f8fd20c2a80dd1ff473"
url = "https://github.com/fluxcd/flux2/releases/download/v2.9.5/flux_2.9.5_linux_amd64.tar.gz"
url_api = "https://api.github.com/repos/fluxcd/flux2/releases/assets/538282891"

[tools.flux2."platforms.linux-x64".provenance.slsa]
url = "https://github.com/fluxcd/flux2/releases/download/v2.9.5/provenance.intoto.jsonl"

[tools.flux2."platforms.macos-arm64"]
checksum = "sha256:2869ef7151a6f1b27e6b5d2a6804f3ef23c7bdaa06a74e00d3fe5bfc646547fd"
url = "https://github.com/fluxcd/flux2/releases/download/v2.9.5/flux_2.9.5_darwin_arm64.tar.gz"
url_api = "https://api.github.com/repos/fluxcd/flux2/releases/assets/538282876"

[tools.flux2."platforms.macos-arm64".provenance.slsa]
url = "https://github.com/fluxcd/flux2/releases/download/v2.9.5/provenance.intoto.jsonl"

[tools.flux2."platforms.macos-x64"]
checksum = "sha256:5748583cf5da035ca2d751190d2c15f5f656d305c166ec28a312a2f3b6799e31"
url = "https://github.com/fluxcd/flux2/releases/download/v2.9.5/flux_2.9.5_darwin_amd64.tar.gz"
url_api = "https://api.github.com/repos/fluxcd/flux2/releases/assets/538282892"

[tools.flux2."platforms.macos-x64".provenance.slsa]
url = "https://github.com/fluxcd/flux2/releases/download/v2.9.5/provenance.intoto.jsonl"

[[tools.gh]]
version = "2.100.0"
backend = "aqua:cli/cli"
specifiers = ["2.100.0"]

[tools.gh."platforms.linux-arm64"]
checksum = "sha256:ea4e7a581a32ccad6cc7923cb1576ac5859ba4b9a16ab22eb8f8a96e78e2e961"
url = "https://github.com/cli/cli/releases/download/v2.100.0/gh_2.100.0_linux_arm64.tar.gz"
url_api = "https://api.github.com/repos/cli/cli/releases/assets/542974279"
provenance = "github-attestations"

[tools.gh."platforms.linux-x64"]
checksum = "sha256:e4d4bb4498e8d007abe545b6568926793ace1b6447da598294a610018cb164be"
url = "https://github.com/cli/cli/releases/download/v2.100.0/gh_2.100.0_linux_amd64.tar.gz"
url_api = "https://api.github.com/repos/cli/cli/releases/assets/542974264"
provenance = "github-attestations"

[tools.gh."platforms.macos-arm64"]
checksum = "sha256:45f9a62da2f6e641a7fad57e2ce39656dfd7ef331372d80a2a2aed65abb01642"
url = "https://github.com/cli/cli/releases/download/v2.100.0/gh_2.100.0_macOS_arm64.zip"
url_api = "https://api.github.com/repos/cli/cli/releases/assets/542974295"
provenance = "github-attestations"

[tools.gh."platforms.macos-x64"]
checksum = "sha256:fcd7799e85eb575f3c7d2b1679bfbfedaefa1269d4bc7d096b51e10939b4812b"
url = "https://github.com/cli/cli/releases/download/v2.100.0/gh_2.100.0_macOS_amd64.zip"
url_api = "https://api.github.com/repos/cli/cli/releases/assets/542974293"
provenance = "github-attestations"

[[tools."github:git-town/git-town"]]
version = "22.7.1"
backend = "github:git-town/git-town"
specifiers = ["22.7.1"]

[tools."github:git-town/git-town"."platforms.linux-arm64"]
checksum = "sha256:4059dc09b0a09913402e7212c0e2b0f5427dbc7ee3186721ec28c0f3cfd18f13"
url = "https://github.com/git-town/git-town/releases/download/v22.7.1/git-town_linux_arm_64.tar.gz"
url_api = "https://api.github.com/repos/git-town/git-town/releases/assets/382552390"
provenance = "github-attestations"

[tools."github:git-town/git-town"."platforms.linux-x64"]
checksum = "sha256:6f67898dda1b892b19414ebcc39bbf13a7df96d97997e89fc108a43d7fd595aa"
url = "https://github.com/git-town/git-town/releases/download/v22.7.1/git-town_linux_intel_64.tar.gz"
url_api = "https://api.github.com/repos/git-town/git-town/releases/assets/382552395"
provenance = "github-attestations"

[tools."github:git-town/git-town"."platforms.macos-arm64"]
checksum = "sha256:14415a737f8cf2c236e1d2ef156aecc0048511e7d238739e0f29863b45db293a"
url = "https://github.com/git-town/git-town/releases/download/v22.7.1/git-town_macos_arm_64.tar.gz"
url_api = "https://api.github.com/repos/git-town/git-town/releases/assets/382552389"
provenance = "github-attestations"
provenance_verified = true

[tools."github:git-town/git-town"."platforms.macos-x64"]
checksum = "sha256:278a1caf75aafd192c35fe06181f2de1d9df11947d8ff874812d865402efa262"
url = "https://github.com/git-town/git-town/releases/download/v22.7.1/git-town_macos_intel_64.tar.gz"
url_api = "https://api.github.com/repos/git-town/git-town/releases/assets/382552391"
provenance = "github-attestations"

[[tools."github:grafana/dashboard-linter"]]
version = "0.3.0"
backend = "github:grafana/dashboard-linter"
specifiers = ["v0.3.0"]

[tools."github:grafana/dashboard-linter"."platforms.linux-arm64"]
checksum = "sha256:cca3c44ab921a4303dc3850b0cea56e0192112a185ebadceb173d7c7a5d3731b"
url = "https://github.com/grafana/dashboard-linter/releases/download/v0.3.0/dashboard-linter_0.3.0_linux_arm64.tar.gz"
url_api = "https://api.github.com/repos/grafana/dashboard-linter/releases/assets/529030717"

[tools."github:grafana/dashboard-linter"."platforms.linux-x64"]
checksum = "sha256:9a0eecb84ff22005dbd21c39ffd91534b407b511c45c21879df62ad0de33d79f"
url = "https://github.com/grafana/dashboard-linter/releases/download/v0.3.0/dashboard-linter_0.3.0_linux_amd64.tar.gz"
url_api = "https://api.github.com/repos/grafana/dashboard-linter/releases/assets/529030764"

[tools."github:grafana/dashboard-linter"."platforms.macos-arm64"]
checksum = "sha256:910c20366491565faa241166676b54a53648ed2b30d8403017056bb18aeae75d"
url = "https://github.com/grafana/dashboard-linter/releases/download/v0.3.0/dashboard-linter_0.3.0_darwin_arm64.tar.gz"
url_api = "https://api.github.com/repos/grafana/dashboard-linter/releases/assets/529030741"

[tools."github:grafana/dashboard-linter"."platforms.macos-x64"]
checksum = "sha256:9ca2cd292b5aaaaa6827c417b26440033e35516e4896238c34c7cc97cbcb45cf"
url = "https://github.com/grafana/dashboard-linter/releases/download/v0.3.0/dashboard-linter_0.3.0_darwin_amd64.tar.gz"
url_api = "https://api.github.com/repos/grafana/dashboard-linter/releases/assets/529030719"

[[tools."github:sigstore/cosign"]]
version = "3.1.3"
backend = "github:sigstore/cosign"
specifiers = ["v3.1.3"]

[tools."github:sigstore/cosign"."platforms.linux-arm64"]
checksum = "sha256:c5d324e091826b0d7a78eb16fef316450b4eb9aaec045611c08ba06f5e73220a"
url = "https://github.com/sigstore/cosign/releases/download/v3.1.3/cosign-linux-arm64"
url_api = "https://api.github.com/repos/sigstore/cosign/releases/assets/503286299"

[tools."github:sigstore/cosign"."platforms.linux-x64"]
checksum = "sha256:4629c757b7618056f8ddd7e2625ae9fdd94c0372a65049520bc7d9df9efc7f71"
url = "https://github.com/sigstore/cosign/releases/download/v3.1.3/cosign-linux-amd64"
url_api = "https://api.github.com/repos/sigstore/cosign/releases/assets/503286005"

[tools."github:sigstore/cosign"."platforms.macos-arm64"]
checksum = "sha256:5cf948c2f4dfe59687bdd0b8523709067383e03982cc543475c8a7dc70e92a76"
url = "https://github.com/sigstore/cosign/releases/download/v3.1.3/cosign-darwin-arm64"
url_api = "https://api.github.com/repos/sigstore/cosign/releases/assets/503286205"

[tools."github:sigstore/cosign"."platforms.macos-x64"]
checksum = "sha256:2347488e5d5b25336644024dfeca5601b190e91197a71a917bda44744aff106c"
url = "https://github.com/sigstore/cosign/releases/download/v3.1.3/cosign-darwin-amd64"
url_api = "https://api.github.com/repos/sigstore/cosign/releases/assets/503286177"

[[tools.go]]
version = "1.27.1"
backend = "core:go"
specifiers = ["1.27.1"]

[tools.go."platforms.linux-arm64"]
checksum = "sha256:3450b45a3f9ee8568792736a5c5e70a1f2e9b36c35a8f74958c03e51d7d92bec"
url = "https://dl.google.com/go/go1.27.1.linux-arm64.tar.gz"

[tools.go."platforms.linux-x64"]
checksum = "sha256:63d339f0da5ab53635a56f2490a7984dfe12dfcff22ad749f63edaf590168445"
url = "https://dl.google.com/go/go1.27.1.linux-amd64.tar.gz"

[tools.go."platforms.macos-arm64"]
checksum = "sha256:ee215d57e0ec269c60cc9ceca68e6bda321ba9ee5afe24f4b0988703c2d87d12"
url = "https://dl.google.com/go/go1.27.1.darwin-arm64.tar.gz"

[tools.go."platforms.macos-x64"]
checksum = "sha256:8f8f52c6649542cf027bbc9b9c68d1ec042f9f34808a40413f0b8b3f66f3caa4"
url = "https://dl.google.com/go/go1.27.1.darwin-amd64.tar.gz"

[[tools.golangci-lint]]
version = "2.13.2"
backend = "aqua:golangci/golangci-lint"
specifiers = ["2.13.2"]

[tools.golangci-lint."platforms.linux-arm64"]
checksum = "sha256:a2a4e0065aa41be71f7c5ac90f271b61751331e5d04314e62afe4027855f0893"
url = "https://github.com/golangci/golangci-lint/releases/download/v2.13.2/golangci-lint-2.13.2-linux-arm64.tar.gz"
url_api = "https://api.github.com/repos/golangci/golangci-lint/releases/assets/532995442"
provenance = "github-attestations"

[tools.golangci-lint."platforms.linux-x64"]
checksum = "sha256:2277d43b98ec0054280f2ac26b53268bae97682444678a59a657dd565da021d6"
url = "https://github.com/golangci/golangci-lint/releases/download/v2.13.2/golangci-lint-2.13.2-linux-amd64.tar.gz"
url_api = "https://api.github.com/repos/golangci/golangci-lint/releases/assets/532995333"
provenance = "github-attestations"

[tools.golangci-lint."platforms.macos-arm64"]
checksum = "sha256:f4bf83f0b64f055c42b28fc9a38861839f69c096e61c788e72dfaae412011789"
url = "https://github.com/golangci/golangci-lint/releases/download/v2.13.2/golangci-lint-2.13.2-darwin-arm64.tar.gz"
url_api = "https://api.github.com/repos/golangci/golangci-lint/releases/assets/532995398"
provenance = "github-attestations"

[tools.golangci-lint."platforms.macos-x64"]
checksum = "sha256:8a13aaf9cbbb1dee52824e862cf0d0720e5bb97c1f4260d1e51623a09492b57b"
url = "https://github.com/golangci/golangci-lint/releases/download/v2.13.2/golangci-lint-2.13.2-darwin-amd64.tar.gz"
url_api = "https://api.github.com/repos/golangci/golangci-lint/releases/assets/532995222"
provenance = "github-attestations"

[[tools.helm]]
version = "3.22.0"
backend = "aqua:helm/helm"
specifiers = ["3.22.0"]

[tools.helm."platforms.linux-arm64"]
checksum = "sha256:f14e804dfee240f55525b667488fe9adca349e63e00c9af634c0beb1421ac310"
url = "https://get.helm.sh/helm-v3.22.0-linux-arm64.tar.gz"

[tools.helm."platforms.linux-x64"]
checksum = "sha256:1e4ab49e429626cf6c6958d914248b78c9730803c2751b87627e171dc800e7bb"
url = "https://get.helm.sh/helm-v3.22.0-linux-amd64.tar.gz"

[tools.helm."platforms.macos-arm64"]
checksum = "sha256:4c9982a6cdeb458b60258df66b55398ca5b19293f6877faffe2909ad6f23dfe0"
url = "https://get.helm.sh/helm-v3.22.0-darwin-arm64.tar.gz"

[tools.helm."platforms.macos-x64"]
checksum = "sha256:bd1d09f316558dda23698527859600936fed1371021ce0f2272d66b2fdcfa69c"
url = "https://get.helm.sh/helm-v3.22.0-darwin-amd64.tar.gz"

[[tools.k3d]]
version = "5.9.0"
backend = "aqua:k3d-io/k3d"
specifiers = ["5.9.0"]

[tools.k3d."platforms.linux-arm64"]
checksum = "sha256:03cde5cf23e6e8e67de5a039ecf26e5b85aca82fba3e5d13dadf904cd218a250"
url = "https://github.com/k3d-io/k3d/releases/download/v5.9.0/k3d-linux-arm64"
url_api = "https://api.github.com/repos/k3d-io/k3d/releases/assets/436305757"

[tools.k3d."platforms.linux-x64"]
checksum = "sha256:06d8f25bc3a971c4eb29e0ff08429b180402db0f4dec838c9eac427e296800a0"
url = "https://github.com/k3d-io/k3d/releases/download/v5.9.0/k3d-linux-amd64"
url_api = "https://api.github.com/repos/k3d-io/k3d/releases/assets/436305793"

[tools.k3d."platforms.macos-arm64"]
checksum = "sha256:fe106541d5d0a3f18debcd4d432a16f8c0ce3e6ddc06f8fbb6f696a122313e00"
url = "https://github.com/k3d-io/k3d/releases/download/v5.9.0/k3d-darwin-arm64"
url_api = "https://api.github.com/repos/k3d-io/k3d/releases/assets/436305875"

[tools.k3d."platforms.macos-x64"]
checksum = "sha256:b4aabc37534f95b9c764e7823f2df923f50d57600837aa60a06266cce47db732"
url = "https://github.com/k3d-io/k3d/releases/download/v5.9.0/k3d-darwin-amd64"
url_api = "https://api.github.com/repos/k3d-io/k3d/releases/assets/436305915"

[[tools.kubeconform]]
version = "0.8.0"
backend = "aqua:yannh/kubeconform"
specifiers = ["0.8.0"]

[tools.kubeconform."platforms.linux-arm64"]
checksum = "sha256:1f53fc8e81258197a35e8603054162a5af1de8c5af13746c71ab680d9534ed87"
url = "https://github.com/yannh/kubeconform/releases/download/v0.8.0/kubeconform-linux-arm64.tar.gz"
url_api = "https://api.github.com/repos/yannh/kubeconform/releases/assets/438612685"

[tools.kubeconform."platforms.linux-x64"]
checksum = "sha256:9bc2bffbf71f261128533edaf912153948b7ff238f9a531ae6d34466ec287883"
url = "https://github.com/yannh/kubeconform/releases/download/v0.8.0/kubeconform-linux-amd64.tar.gz"
url_api = "https://api.github.com/repos/yannh/kubeconform/releases/assets/438612666"

[tools.kubeconform."platforms.macos-arm64"]
checksum = "sha256:f84f4dfbebf4a6b0b230385fa065a39ea35e02608c2b50d025dcf64775a69d67"
url = "https://github.com/yannh/kubeconform/releases/download/v0.8.0/kubeconform-darwin-arm64.tar.gz"
url_api = "https://api.github.com/repos/yannh/kubeconform/releases/assets/438612680"

[tools.kubeconform."platforms.macos-x64"]
checksum = "sha256:71dbc87ac9f24099a62b93570e65aa06312ba6ac8aea63b7f86e9d999edf5a92"
url = "https://github.com/yannh/kubeconform/releases/download/v0.8.0/kubeconform-darwin-amd64.tar.gz"
url_api = "https://api.github.com/repos/yannh/kubeconform/releases/assets/438612679"

[[tools.kubectl]]
version = "1.37.0"
backend = "aqua:kubernetes/kubernetes/kubectl"
specifiers = ["1.37.0"]

[tools.kubectl."platforms.linux-arm64"]
checksum = "sha256:922df28df248cc00a9e025f947704f1d1482de64ece54cfe57e61f19eaf1eef3"
url = "https://dl.k8s.io/v1.37.0/bin/linux/arm64/kubectl"

[tools.kubectl."platforms.linux-x64"]
checksum = "sha256:6129359f4e1f3848a5572ccb0b26cf28b8ca08cef38c95a765b2f64a2c961a2f"
url = "https://dl.k8s.io/v1.37.0/bin/linux/amd64/kubectl"

[tools.kubectl."platforms.macos-arm64"]
checksum = "sha256:583beedaebe422e71d3f1a96acef8b1fef86ea2f09a45ad01aa6c9ce287c1380"
url = "https://dl.k8s.io/v1.37.0/bin/darwin/arm64/kubectl"

[tools.kubectl."platforms.macos-x64"]
checksum = "sha256:d5276c0f4fde77fc446070290f345944a7f1fda153df6b960e5fde93b7a9bccd"
url = "https://dl.k8s.io/v1.37.0/bin/darwin/amd64/kubectl"

[[tools.kustomize]]
version = "5.8.1"
backend = "aqua:kubernetes-sigs/kustomize"
specifiers = ["5.8.1"]

[tools.kustomize."platforms.linux-arm64"]
checksum = "sha256:0953ea3e476f66d6ddfcd911d750f5167b9365aa9491b2326398e289fef2c142"
url = "https://github.com/kubernetes-sigs/kustomize/releases/download/kustomize/v5.8.1/kustomize_v5.8.1_linux_arm64.tar.gz"
url_api = "https://api.github.com/repos/kubernetes-sigs/kustomize/releases/assets/353160971"

[tools.kustomize."platforms.linux-x64"]
checksum = "sha256:029a7f0f4e1932c52a0476cf02a0fd855c0bb85694b82c338fc648dcb53a819d"
url = "https://github.com/kubernetes-sigs/kustomize/releases/download/kustomize/v5.8.1/kustomize_v5.8.1_linux_amd64.tar.gz"
url_api = "https://api.github.com/repos/kubernetes-sigs/kustomize/releases/assets/353160972"

[tools.kustomize."platforms.macos-arm64"]
checksum = "sha256:8886f8a78474e608cc81234f729fda188a9767da23e28925802f00ece2bab288"
url = "https://github.com/kubernetes-sigs/kustomize/releases/download/kustomize/v5.8.1/kustomize_v5.8.1_darwin_arm64.tar.gz"
url_api = "https://api.github.com/repos/kubernetes-sigs/kustomize/releases/assets/353160975"

[tools.kustomize."platforms.macos-x64"]
checksum = "sha256:ee7cf0c1e3592aa7bb66ba82b359933a95e7f2e0b36e5f53ed0a4535b017f2f8"
url = "https://github.com/kubernetes-sigs/kustomize/releases/download/kustomize/v5.8.1/kustomize_v5.8.1_darwin_amd64.tar.gz"
url_api = "https://api.github.com/repos/kubernetes-sigs/kustomize/releases/assets/353160974"

[[tools.node]]
version = "25.9.0"
backend = "core:node"
specifiers = ["25.9.0"]

[tools.node."platforms.linux-arm64"]
checksum = "sha256:8fb4283301b8c720fc9f18bffff0f659e72cc14d0cf207a3bb411808aaa73a57"
url = "https://nodejs.org/dist/v25.9.0/node-v25.9.0-linux-arm64.tar.gz"

[tools.node."platforms.linux-x64"]
checksum = "sha256:134e55b2408448a219760fe04dc44d6851f9de8a79549021ffd870e9082d9e7b"
url = "https://nodejs.org/dist/v25.9.0/node-v25.9.0-linux-x64.tar.gz"

[tools.node."platforms.macos-arm64"]
checksum = "sha256:e479f3c469d3d9303a44f00a8ea37a3788395d171bb8059c48a4bbbd2e371b59"
url = "https://nodejs.org/dist/v25.9.0/node-v25.9.0-darwin-arm64.tar.gz"

[tools.node."platforms.macos-x64"]
checksum = "sha256:7d737b53ce191142bfa1c17cfa5b070d96e84eebf76b8dd06d84981cbdc3f7e3"
url = "https://nodejs.org/dist/v25.9.0/node-v25.9.0-darwin-x64.tar.gz"

[[tools.opentofu]]
version = "1.12.6"
backend = "aqua:opentofu/opentofu"
specifiers = ["1.12.6"]

[tools.opentofu."platforms.linux-arm64"]
checksum = "sha256:9bd0228a81bcd0c88f7045c74378f45a815779f19897191dff7d9efba9976b9e"
url = "https://github.com/opentofu/opentofu/releases/download/v1.12.6/tofu_1.12.6_linux_arm64.tar.gz"
url_api = "https://api.github.com/repos/opentofu/opentofu/releases/assets/520762688"

[tools.opentofu."platforms.linux-x64"]
checksum = "sha256:50a6106fa4de523d09c87af85f3db1dd47535fc005727fdca6852146476b88ec"
url = "https://github.com/opentofu/opentofu/releases/download/v1.12.6/tofu_1.12.6_linux_amd64.tar.gz"
url_api = "https://api.github.com/repos/opentofu/opentofu/releases/assets/520762723"

[tools.opentofu."platforms.macos-arm64"]
checksum = "sha256:f958ec5e511063be9feb180ca015a4cb7977566a9cf6a8550bba8c2a9b5aba74"
url = "https://github.com/opentofu/opentofu/releases/download/v1.12.6/tofu_1.12.6_darwin_arm64.tar.gz"
url_api = "https://api.github.com/repos/opentofu/opentofu/releases/assets/520762710"

[tools.opentofu."platforms.macos-x64"]
checksum = "sha256:44bb1855f372f17f365fb94517906e78da5001da10f4c98de57a39bf982f3a92"
url = "https://github.com/opentofu/opentofu/releases/download/v1.12.6/tofu_1.12.6_darwin_amd64.tar.gz"
url_api = "https://api.github.com/repos/opentofu/opentofu/releases/assets/520762655"

[[tools."pipx:ansible-core"]]
version = "2.21.4"
backend = "pipx:ansible-core"
specifiers = ["2.21.4"]

[[tools.pnpm]]
version = "10.34.5"
backend = "aqua:pnpm/pnpm"
specifiers = ["10.34.5"]

[tools.pnpm."platforms.linux-arm64"]
checksum = "sha256:22391362c31edf522fd698d0b43d38fe9228e28d5b5e32124ffd0038fb60f9f0"
url = "https://github.com/pnpm/pnpm/releases/download/v10.34.5/pnpm-linux-arm64"
url_api = "https://api.github.com/repos/pnpm/pnpm/releases/assets/472419173"

[tools.pnpm."platforms.linux-x64"]
checksum = "sha256:69a535476f407fb0f64427913c2b592ca2ed6bf93f92e2cb82a32349e31f36eb"
url = "https://github.com/pnpm/pnpm/releases/download/v10.34.5/pnpm-linux-x64"
url_api = "https://api.github.com/repos/pnpm/pnpm/releases/assets/472419171"

[tools.pnpm."platforms.macos-arm64"]
checksum = "sha256:888389e8dd5ed45279043c1d3383c0942a8248b3d29ce614b302f468191f7659"
url = "https://github.com/pnpm/pnpm/releases/download/v10.34.5/pnpm-macos-arm64"
url_api = "https://api.github.com/repos/pnpm/pnpm/releases/assets/472419170"

[tools.pnpm."platforms.macos-x64"]
checksum = "sha256:4deaaaf1c0246fc4230f6450959f932dbc2abfd2686f8515dabf97b0717cb9b1"
url = "https://github.com/pnpm/pnpm/releases/download/v10.34.5/pnpm-macos-x64"
url_api = "https://api.github.com/repos/pnpm/pnpm/releases/assets/472419168"

[[tools.restic]]
version = "0.19.1"
backend = "aqua:restic/restic"
specifiers = ["0.19.1"]

[tools.restic."platforms.linux-arm64"]
checksum = "sha256:a5f64aaab53d51e311fa3829124c5b703f2d14cf187d8640b6be3b2b49376465"
url = "https://github.com/restic/restic/releases/download/v0.19.1/restic_0.19.1_linux_arm64.bz2"
url_api = "https://api.github.com/repos/restic/restic/releases/assets/466999588"

[tools.restic."platforms.linux-x64"]
checksum = "sha256:f415415624dcc452f2a02b8c33641791a8c6d6d3b65bbb3543fcf9a25151585c"
url = "https://github.com/restic/restic/releases/download/v0.19.1/restic_0.19.1_linux_amd64.bz2"
url_api = "https://api.github.com/repos/restic/restic/releases/assets/466999719"

[tools.restic."platforms.macos-arm64"]
checksum = "sha256:7be0a144ccc377880f294204aa271d76e4b79554b42a751151d425ce6ebac143"
url = "https://github.com/restic/restic/releases/download/v0.19.1/restic_0.19.1_darwin_arm64.bz2"
url_api = "https://api.github.com/repos/restic/restic/releases/assets/467000314"

[tools.restic."platforms.macos-x64"]
checksum = "sha256:c38d579622cf602f665234c5a8c315030b6cf70656028fe6dc29a786b60e5f35"
url = "https://github.com/restic/restic/releases/download/v0.19.1/restic_0.19.1_darwin_amd64.bz2"
url_api = "https://api.github.com/repos/restic/restic/releases/assets/467000400"

[[tools.terragrunt]]
version = "0.99.5"
backend = "aqua:gruntwork-io/terragrunt"
specifiers = ["0.99.5"]

[tools.terragrunt."platforms.linux-arm64"]
checksum = "sha256:fed8c41b0fa8dc15ad81e941c79c5db6b5fcbd3129bd25af663308a478dfabd0"
url = "https://github.com/gruntwork-io/terragrunt/releases/download/v0.99.5/terragrunt_linux_arm64.tar.gz"
url_api = "https://api.github.com/repos/gruntwork-io/terragrunt/releases/assets/382119379"

[tools.terragrunt."platforms.linux-x64"]
checksum = "sha256:8050444125e87abe077d602a6da7db7317d3e8d40d6dc8cb738fa009a005efc4"
url = "https://github.com/gruntwork-io/terragrunt/releases/download/v0.99.5/terragrunt_linux_amd64.tar.gz"
url_api = "https://api.github.com/repos/gruntwork-io/terragrunt/releases/assets/382119266"

[tools.terragrunt."platforms.macos-arm64"]
checksum = "sha256:3f37bf521d2d3bf6f05f3c6ff09b6c12c276e84c076fe7173c0842a2101a7ecd"
url = "https://github.com/gruntwork-io/terragrunt/releases/download/v0.99.5/terragrunt_darwin_arm64.tar.gz"
url_api = "https://api.github.com/repos/gruntwork-io/terragrunt/releases/assets/382119023"

[tools.terragrunt."platforms.macos-x64"]
checksum = "sha256:058e2476c7452cf7a6f426c8e84ac25aac2d56b48cea042ec668e1f0dc6d9498"
url = "https://github.com/gruntwork-io/terragrunt/releases/download/v0.99.5/terragrunt_darwin_amd64.tar.gz"
url_api = "https://api.github.com/repos/gruntwork-io/terragrunt/releases/assets/382118909"

[[tools.tilt]]
version = "0.37.7"
backend = "aqua:tilt-dev/tilt"
specifiers = ["0.37.7"]

[tools.tilt."platforms.linux-arm64"]
checksum = "sha256:9f381347fa18ffca3f1d3dcdd3f6745281a6647e6107199832ceaa62a461964a"
url = "https://github.com/tilt-dev/tilt/releases/download/v0.37.7/tilt.0.37.7.linux.arm64.tar.gz"
url_api = "https://api.github.com/repos/tilt-dev/tilt/releases/assets/515151327"

[tools.tilt."platforms.linux-x64"]
checksum = "sha256:b695193fab68def8310cb971fa60bbe47ba0a782e24f54ebad287c13316a61b0"
url = "https://github.com/tilt-dev/tilt/releases/download/v0.37.7/tilt.0.37.7.linux.x86_64.tar.gz"
url_api = "https://api.github.com/repos/tilt-dev/tilt/releases/assets/515151324"

[tools.tilt."platforms.macos-arm64"]
checksum = "sha256:7f54afff29cae67e2751c13df00a66d56f6fbc4463573089059ba673cf128687"
url = "https://github.com/tilt-dev/tilt/releases/download/v0.37.7/tilt.0.37.7.mac.arm64.tar.gz"
url_api = "https://api.github.com/repos/tilt-dev/tilt/releases/assets/515151344"

[tools.tilt."platforms.macos-x64"]
checksum = "sha256:2022e675f9a32cdc651e8096a12caa38720be2d692d7347798607873a107fd61"
url = "https://github.com/tilt-dev/tilt/releases/download/v0.37.7/tilt.0.37.7.mac.x86_64.tar.gz"
url_api = "https://api.github.com/repos/tilt-dev/tilt/releases/assets/515151325"

[[tools.uv]]
version = "0.12.12"
backend = "aqua:astral-sh/uv"
specifiers = ["0.12.12"]

[tools.uv."platforms.linux-arm64"]
checksum = "sha256:fe08db50cc1b56cd1da7801065ed1103d27ed3f9571cd122386cfc7faf1b8df5"
url = "https://github.com/astral-sh/uv/releases/download/0.12.12/uv-aarch64-unknown-linux-gnu.tar.gz"
url_api = "https://api.github.com/repos/astral-sh/uv/releases/assets/553169214"
provenance = "github-attestations"

[tools.uv."platforms.linux-x64"]
checksum = "sha256:ab9b309d4586403f024e100abaceb396616e178a553e2500c36087d180f09509"
url = "https://github.com/astral-sh/uv/releases/download/0.12.12/uv-x86_64-unknown-linux-gnu.tar.gz"
url_api = "https://api.github.com/repos/astral-sh/uv/releases/assets/553169491"
provenance = "github-attestations"

[tools.uv."platforms.macos-arm64"]
checksum = "sha256:46740540b63fdee9a6cb2e19baf3f1f475b850c440a33e63455087a6871263f1"
url = "https://github.com/astral-sh/uv/releases/download/0.12.12/uv-aarch64-apple-darwin.tar.gz"
url_api = "https://api.github.com/repos/astral-sh/uv/releases/assets/553169165"
provenance = "github-attestations"

[tools.uv."platforms.macos-x64"]
checksum = "sha256:0dc8cd6c961582b0d140b5398f96b23502885277fb3464241456a2435e460dfa"
url = "https://github.com/astral-sh/uv/releases/download/0.12.12/uv-x86_64-apple-darwin.tar.gz"
url_api = "https://api.github.com/repos/astral-sh/uv/releases/assets/553169443"
provenance = "github-attestations"

[[tools.wrangler]]
version = "4.136.0"
backend = "npm:wrangler"
specifiers = ["4.136.0"]

[tools.wrangler.options]
allow_builds = '["esbuild", "sharp", "workerd"]'
